{
  "name": "emloyees",
  "version": "1.0.0",
  "lockfileVersion": 3,
  "requires": true,
  "packages": {
    "": {
      "name": "emloyees",
      "version": "1.0.0",
      "license": "ISC",
      "dependencies": {
        "sqlite3": "^5.1.7"
      }
    },
    "node_modules/sqlite3": {
      "version": "5.1.7",
      "resolved": "https://registry.npmmirror.com/sqlite/-/sqlite-5.1.7.tgz",
      "integrity": "sha512-oBkezXa2hnkfuJwUo44Hl9hS3er+YFtueifoajrgidvqsJRQFpc5fKoAkAor1O5ZnLoa28GBScfHXs8j0K358Q==",
      "license": "MIT"
    }
  }
}
